
Microsoft Visual Studio Solution File, Format Version 12.00
# Visual Studio Version 17
VisualStudioVersion = 17.5.002.0
MinimumVisualStudioVersion = 10.0.40219.1
Project("{9A19103F-16F7-4668-BE54-9A1E7A4F7556}") = "PFO2", "PFO2.csproj", "{46B4D731-CB0F-4363-AB2F-BC2F546382DA}"
EndProject
Global
	GlobalSection(SolutionConfigurationPlatforms) = preSolution
		Debug|Any CPU = Debug|Any CPU
		Release|Any CPU = Release|Any CPU
	EndGlobalSection
	GlobalSection(ProjectConfigurationPlatforms) = postSolution
		{46B4D731-CB0F-4363-AB2F-BC2F546382DA}.Debug|Any CPU.ActiveCfg = Debug|Any CPU
		{46B4D731-CB0F-4363-AB2F-BC2F546382DA}.Debug|Any CPU.Build.0 = Debug|Any CPU
		{46B4D731-CB0F-4363-AB2F-BC2F546382DA}.Release|Any CPU.ActiveCfg = Release|Any CPU
		{46B4D731-CB0F-4363-AB2F-BC2F546382DA}.Release|Any CPU.Build.0 = Release|Any CPU
	EndGlobalSection
	GlobalSection(SolutionProperties) = preSolution
		HideSolutionNode = FALSE
	EndGlobalSection
	GlobalSection(ExtensibilityGlobals) = postSolution
		SolutionGuid = {9E72A4A5-C21B-4635-B926-71575D8CB1B0}
	EndGlobalSection
EndGlobal
